
Microsoft Visual Studio Solution File, Format Version 12.00
Project("{FAE04EC0-301F-11D3-BF4B-00C04F79EFBC}") = "Notification.Api", "Notification.Api\Notification.Api.csproj", "{8754A924-1759-4E6B-80E1-D9196550FC64}"
EndProject
Project("{FAE04EC0-301F-11D3-BF4B-00C04F79EFBC}") = "Health.Api", "Health.Api\Health.Api.csproj", "{99122301-4E85-4505-AE90-DD4862FED435}"
EndProject
Project("{FAE04EC0-301F-11D3-BF4B-00C04F79EFBC}") = "Auth.Api", "Auth.Api\Auth.Api.csproj", "{D45015D0-62B7-4300-BCBF-326417D7F76F}"
EndProject
Project("{FAE04EC0-301F-11D3-BF4B-00C04F79EFBC}") = "Shared.Models", "Shared.Models\Shared.Models.csproj", "{C4A7171D-0DEA-4B85-AA22-D2AC2BE69324}"
EndProject
Project("{FAE04EC0-301F-11D3-BF4B-00C04F79EFBC}") = "Users.Api", "Users.Api\Users.Api.csproj", "{F714E4B2-D3C8-4F85-A29A-DCBE74E2D019}"
EndProject
Project("{FAE04EC0-301F-11D3-BF4B-00C04F79EFBC}") = "Sets.Api", "Sets.Api\Sets.Api.csproj", "{57EE1E24-350C-468C-A361-F6BB43DB951F}"
EndProject
Project("{FAE04EC0-301F-11D3-BF4B-00C04F79EFBC}") = "Users.Tests", "Users.Tests\Users.Tests.csproj", "{66797A97-289B-4B75-9E4D-38A5FD20BB3C}"
EndProject
Project("{FAE04EC0-301F-11D3-BF4B-00C04F79EFBC}") = "Sets.Tests", "Sets.Tests\Sets.Tests.csproj", "{C05B19E6-F958-4E3B-98DB-156D7E838237}"
EndProject
Project("{FAE04EC0-301F-11D3-BF4B-00C04F79EFBC}") = "Gateway.Api", "Gateway.Api\Gateway.Api.csproj", "{B9EA2363-78E5-4EE0-A3D8-E899EFCC8042}"
EndProject
Project("{FAE04EC0-301F-11D3-BF4B-00C04F79EFBC}") = "Statistics.Api", "Statistics.Api\Statistics.Api.csproj", "{65519B56-F271-4F9B-B0B0-7622506D8AEB}"
EndProject
Project("{FAE04EC0-301F-11D3-BF4B-00C04F79EFBC}") = "Auth.Api.Integration", "Auth.Api.Integration\Auth.Api.Integration.csproj", "{D9C39AFE-E89D-4D23-9670-DC0FAF79A1BE}"
EndProject
Project("{FAE04EC0-301F-11D3-BF4B-00C04F79EFBC}") = "Statistics.Api.Integration", "Statistics.Api.Integration\Statistics.Api.Integration.csproj", "{17863555-CBBD-467A-83CE-61991A261875}"
EndProject
Project("{FAE04EC0-301F-11D3-BF4B-00C04F79EFBC}") = "Sets.Api.Integration", "Sets.Api.Integration\Sets.Api.Integration.csproj", "{72BCFF5A-D9ED-403E-8E13-2906284D65FC}"
EndProject
Global
	GlobalSection(SolutionConfigurationPlatforms) = preSolution
		Debug|Any CPU = Debug|Any CPU
		Release|Any CPU = Release|Any CPU
	EndGlobalSection
	GlobalSection(ProjectConfigurationPlatforms) = postSolution
		{8754A924-1759-4E6B-80E1-D9196550FC64}.Debug|Any CPU.ActiveCfg = Debug|Any CPU
		{8754A924-1759-4E6B-80E1-D9196550FC64}.Debug|Any CPU.Build.0 = Debug|Any CPU
		{8754A924-1759-4E6B-80E1-D9196550FC64}.Release|Any CPU.ActiveCfg = Release|Any CPU
		{8754A924-1759-4E6B-80E1-D9196550FC64}.Release|Any CPU.Build.0 = Release|Any CPU
		{99122301-4E85-4505-AE90-DD4862FED435}.Debug|Any CPU.ActiveCfg = Debug|Any CPU
		{99122301-4E85-4505-AE90-DD4862FED435}.Debug|Any CPU.Build.0 = Debug|Any CPU
		{99122301-4E85-4505-AE90-DD4862FED435}.Release|Any CPU.ActiveCfg = Release|Any CPU
		{99122301-4E85-4505-AE90-DD4862FED435}.Release|Any CPU.Build.0 = Release|Any CPU
		{D45015D0-62B7-4300-BCBF-326417D7F76F}.Debug|Any CPU.ActiveCfg = Debug|Any CPU
		{D45015D0-62B7-4300-BCBF-326417D7F76F}.Debug|Any CPU.Build.0 = Debug|Any CPU
		{D45015D0-62B7-4300-BCBF-326417D7F76F}.Release|Any CPU.ActiveCfg = Release|Any CPU
		{D45015D0-62B7-4300-BCBF-326417D7F76F}.Release|Any CPU.Build.0 = Release|Any CPU
		{C4A7171D-0DEA-4B85-AA22-D2AC2BE69324}.Debug|Any CPU.ActiveCfg = Debug|Any CPU
		{C4A7171D-0DEA-4B85-AA22-D2AC2BE69324}.Debug|Any CPU.Build.0 = Debug|Any CPU
		{C4A7171D-0DEA-4B85-AA22-D2AC2BE69324}.Release|Any CPU.ActiveCfg = Release|Any CPU
		{C4A7171D-0DEA-4B85-AA22-D2AC2BE69324}.Release|Any CPU.Build.0 = Release|Any CPU
		{F714E4B2-D3C8-4F85-A29A-DCBE74E2D019}.Debug|Any CPU.ActiveCfg = Debug|Any CPU
		{F714E4B2-D3C8-4F85-A29A-DCBE74E2D019}.Debug|Any CPU.Build.0 = Debug|Any CPU
		{F714E4B2-D3C8-4F85-A29A-DCBE74E2D019}.Release|Any CPU.ActiveCfg = Release|Any CPU
		{F714E4B2-D3C8-4F85-A29A-DCBE74E2D019}.Release|Any CPU.Build.0 = Release|Any CPU
		{57EE1E24-350C-468C-A361-F6BB43DB951F}.Debug|Any CPU.ActiveCfg = Debug|Any CPU
		{57EE1E24-350C-468C-A361-F6BB43DB951F}.Debug|Any CPU.Build.0 = Debug|Any CPU
		{57EE1E24-350C-468C-A361-F6BB43DB951F}.Release|Any CPU.ActiveCfg = Release|Any CPU
		{57EE1E24-350C-468C-A361-F6BB43DB951F}.Release|Any CPU.Build.0 = Release|Any CPU
		{66797A97-289B-4B75-9E4D-38A5FD20BB3C}.Debug|Any CPU.ActiveCfg = Debug|Any CPU
		{66797A97-289B-4B75-9E4D-38A5FD20BB3C}.Debug|Any CPU.Build.0 = Debug|Any CPU
		{66797A97-289B-4B75-9E4D-38A5FD20BB3C}.Release|Any CPU.ActiveCfg = Release|Any CPU
		{66797A97-289B-4B75-9E4D-38A5FD20BB3C}.Release|Any CPU.Build.0 = Release|Any CPU
		{C05B19E6-F958-4E3B-98DB-156D7E838237}.Debug|Any CPU.ActiveCfg = Debug|Any CPU
		{C05B19E6-F958-4E3B-98DB-156D7E838237}.Debug|Any CPU.Build.0 = Debug|Any CPU
		{C05B19E6-F958-4E3B-98DB-156D7E838237}.Release|Any CPU.ActiveCfg = Release|Any CPU
		{C05B19E6-F958-4E3B-98DB-156D7E838237}.Release|Any CPU.Build.0 = Release|Any CPU
		{B9EA2363-78E5-4EE0-A3D8-E899EFCC8042}.Debug|Any CPU.ActiveCfg = Debug|Any CPU
		{B9EA2363-78E5-4EE0-A3D8-E899EFCC8042}.Debug|Any CPU.Build.0 = Debug|Any CPU
		{B9EA2363-78E5-4EE0-A3D8-E899EFCC8042}.Release|Any CPU.ActiveCfg = Release|Any CPU
		{B9EA2363-78E5-4EE0-A3D8-E899EFCC8042}.Release|Any CPU.Build.0 = Release|Any CPU
		{65519B56-F271-4F9B-B0B0-7622506D8AEB}.Debug|Any CPU.ActiveCfg = Debug|Any CPU
		{65519B56-F271-4F9B-B0B0-7622506D8AEB}.Debug|Any CPU.Build.0 = Debug|Any CPU
		{65519B56-F271-4F9B-B0B0-7622506D8AEB}.Release|Any CPU.ActiveCfg = Release|Any CPU
		{65519B56-F271-4F9B-B0B0-7622506D8AEB}.Release|Any CPU.Build.0 = Release|Any CPU
		{D9C39AFE-E89D-4D23-9670-DC0FAF79A1BE}.Debug|Any CPU.ActiveCfg = Debug|Any CPU
		{D9C39AFE-E89D-4D23-9670-DC0FAF79A1BE}.Debug|Any CPU.Build.0 = Debug|Any CPU
		{D9C39AFE-E89D-4D23-9670-DC0FAF79A1BE}.Release|Any CPU.ActiveCfg = Release|Any CPU
		{D9C39AFE-E89D-4D23-9670-DC0FAF79A1BE}.Release|Any CPU.Build.0 = Release|Any CPU
		{17863555-CBBD-467A-83CE-61991A261875}.Debug|Any CPU.ActiveCfg = Debug|Any CPU
		{17863555-CBBD-467A-83CE-61991A261875}.Debug|Any CPU.Build.0 = Debug|Any CPU
		{17863555-CBBD-467A-83CE-61991A261875}.Release|Any CPU.ActiveCfg = Release|Any CPU
		{17863555-CBBD-467A-83CE-61991A261875}.Release|Any CPU.Build.0 = Release|Any CPU
		{72BCFF5A-D9ED-403E-8E13-2906284D65FC}.Debug|Any CPU.ActiveCfg = Debug|Any CPU
		{72BCFF5A-D9ED-403E-8E13-2906284D65FC}.Debug|Any CPU.Build.0 = Debug|Any CPU
		{72BCFF5A-D9ED-403E-8E13-2906284D65FC}.Release|Any CPU.ActiveCfg = Release|Any CPU
		{72BCFF5A-D9ED-403E-8E13-2906284D65FC}.Release|Any CPU.Build.0 = Release|Any CPU
	EndGlobalSection
EndGlobal
